
Microsoft Visual Studio Solution File, Format Version 12.00
# Visual Studio Version 16
VisualStudioVersion = 16.0.34407.143
MinimumVisualStudioVersion = 10.0.40219.1
Project("{2150E333-8FDC-42A3-9474-1A3956D46DE8}") = "API.Domain", "API.Domain", "{08079315-5E8D-4A0B-8FE2-BA4DBD77F8F1}"
EndProject
Project("{9A19103F-16F7-4668-BE54-9A1E7A4F7556}") = "API.Domain", "API.Domain\API.Domain.csproj", "{531EDC40-3B29-43A3-AE7E-C0EF1D87B806}"
EndProject
Project("{2150E333-8FDC-42A3-9474-1A3956D46DE8}") = "API.Application", "API.Application", "{116E4712-4721-4079-BB80-963C73038F39}"
	ProjectSection(SolutionItems) = preProject
		API.Application\README.md = API.Application\README.md
	EndProjectSection
EndProject
Project("{9A19103F-16F7-4668-BE54-9A1E7A4F7556}") = "API.Application", "API.Application\API.Application.csproj", "{1FA2A2C5-200C-460E-99F9-D0559D851497}"
EndProject
Project("{2150E333-8FDC-42A3-9474-1A3956D46DE8}") = "API.DAL", "API.DAL", "{EE32D407-2A42-4EDB-B280-33EA25CBDD1A}"
	ProjectSection(SolutionItems) = preProject
		API.DAL\README.md = API.DAL\README.md
	EndProjectSection
EndProject
Project("{9A19103F-16F7-4668-BE54-9A1E7A4F7556}") = "API.DAL", "API.DAL\API.DAL.csproj", "{7E0637CE-1A7B-4EF0-8C5F-69A47D9D248D}"
EndProject
Project("{2150E333-8FDC-42A3-9474-1A3956D46DE8}") = "API.WebAPI", "API.WebAPI", "{092C15BD-1313-4FDF-95E2-78E47C963FB4}"
EndProject
Project("{9A19103F-16F7-4668-BE54-9A1E7A4F7556}") = "API.WebApi", "API.WebApi\API.WebApi.csproj", "{359536BA-6595-49B2-8DFB-AC91285EC950}"
EndProject
Project("{2150E333-8FDC-42A3-9474-1A3956D46DE8}") = "Solution Items", "Solution Items", "{2FB10821-A3A5-4686-B973-3B9C44CA0853}"
	ProjectSection(SolutionItems) = preProject
		README.md = README.md
	EndProjectSection
EndProject
Project("{2150E333-8FDC-42A3-9474-1A3956D46DE8}") = "API.Tests", "API.Tests", "{AA731EE0-656C-4E2B-BC30-BFE1AA8E2F77}"
EndProject
Project("{FAE04EC0-301F-11D3-BF4B-00C04F79EFBC}") = "API.Test", "API.Test\API.Test.csproj", "{10AD66AE-98F3-4EAF-9B38-ED85A13CBCC4}"
EndProject
Global
	GlobalSection(SolutionConfigurationPlatforms) = preSolution
		Debug|Any CPU = Debug|Any CPU
		Release|Any CPU = Release|Any CPU
	EndGlobalSection
	GlobalSection(ProjectConfigurationPlatforms) = postSolution
		{531EDC40-3B29-43A3-AE7E-C0EF1D87B806}.Debug|Any CPU.ActiveCfg = Debug|Any CPU
		{531EDC40-3B29-43A3-AE7E-C0EF1D87B806}.Debug|Any CPU.Build.0 = Debug|Any CPU
		{531EDC40-3B29-43A3-AE7E-C0EF1D87B806}.Release|Any CPU.ActiveCfg = Release|Any CPU
		{531EDC40-3B29-43A3-AE7E-C0EF1D87B806}.Release|Any CPU.Build.0 = Release|Any CPU
		{1FA2A2C5-200C-460E-99F9-D0559D851497}.Debug|Any CPU.ActiveCfg = Debug|Any CPU
		{1FA2A2C5-200C-460E-99F9-D0559D851497}.Debug|Any CPU.Build.0 = Debug|Any CPU
		{1FA2A2C5-200C-460E-99F9-D0559D851497}.Release|Any CPU.ActiveCfg = Release|Any CPU
		{1FA2A2C5-200C-460E-99F9-D0559D851497}.Release|Any CPU.Build.0 = Release|Any CPU
		{7E0637CE-1A7B-4EF0-8C5F-69A47D9D248D}.Debug|Any CPU.ActiveCfg = Debug|Any CPU
		{7E0637CE-1A7B-4EF0-8C5F-69A47D9D248D}.Debug|Any CPU.Build.0 = Debug|Any CPU
		{7E0637CE-1A7B-4EF0-8C5F-69A47D9D248D}.Release|Any CPU.ActiveCfg = Release|Any CPU
		{7E0637CE-1A7B-4EF0-8C5F-69A47D9D248D}.Release|Any CPU.Build.0 = Release|Any CPU
		{359536BA-6595-49B2-8DFB-AC91285EC950}.Debug|Any CPU.ActiveCfg = Debug|Any CPU
		{359536BA-6595-49B2-8DFB-AC91285EC950}.Debug|Any CPU.Build.0 = Debug|Any CPU
		{359536BA-6595-49B2-8DFB-AC91285EC950}.Release|Any CPU.ActiveCfg = Release|Any CPU
		{359536BA-6595-49B2-8DFB-AC91285EC950}.Release|Any CPU.Build.0 = Release|Any CPU
		{10AD66AE-98F3-4EAF-9B38-ED85A13CBCC4}.Debug|Any CPU.ActiveCfg = Debug|Any CPU
		{10AD66AE-98F3-4EAF-9B38-ED85A13CBCC4}.Debug|Any CPU.Build.0 = Debug|Any CPU
		{10AD66AE-98F3-4EAF-9B38-ED85A13CBCC4}.Release|Any CPU.ActiveCfg = Release|Any CPU
		{10AD66AE-98F3-4EAF-9B38-ED85A13CBCC4}.Release|Any CPU.Build.0 = Release|Any CPU
	EndGlobalSection
	GlobalSection(SolutionProperties) = preSolution
		HideSolutionNode = FALSE
	EndGlobalSection
	GlobalSection(NestedProjects) = preSolution
		{531EDC40-3B29-43A3-AE7E-C0EF1D87B806} = {08079315-5E8D-4A0B-8FE2-BA4DBD77F8F1}
		{1FA2A2C5-200C-460E-99F9-D0559D851497} = {116E4712-4721-4079-BB80-963C73038F39}
		{7E0637CE-1A7B-4EF0-8C5F-69A47D9D248D} = {EE32D407-2A42-4EDB-B280-33EA25CBDD1A}
		{359536BA-6595-49B2-8DFB-AC91285EC950} = {092C15BD-1313-4FDF-95E2-78E47C963FB4}
		{10AD66AE-98F3-4EAF-9B38-ED85A13CBCC4} = {AA731EE0-656C-4E2B-BC30-BFE1AA8E2F77}
	EndGlobalSection
	GlobalSection(ExtensibilityGlobals) = postSolution
		SolutionGuid = {1B62ECC7-8461-426F-B079-9E8C3E60F50F}
	EndGlobalSection
EndGlobal
